PODS:
  - HYVConfiguratorAFNetworking-Mantle (0.1.0)

DEPENDENCIES:
  - HYVConfiguratorAFNetworking-Mantle (from `../`)

EXTERNAL SOURCES:
  HYVConfiguratorAFNetworking-Mantle:
    :path: ../

SPEC CHECKSUMS:
  HYVConfiguratorAFNetworking-Mantle: 8e09eebe2d9d9d7a098b6aeb37cf459e581215b5

COCOAPODS: 0.35.0
