PODS:
  - AFNetworking (2.5.0):
    - AFNetworking/NSURLConnection (= 2.5.0)
    - AFNetworking/NSURLSession (= 2.5.0)
    - AFNetworking/Reachability (= 2.5.0)
    - AFNetworking/Security (= 2.5.0)
    - AFNetworking/Serialization (= 2.5.0)
    - AFNetworking/UIKit (= 2.5.0)
  - AFNetworking/NSURLConnection (2.5.0):
    - AFNetworking/Reachability
    - AFNetworking/Security
    - AFNetworking/Serialization
  - AFNetworking/NSURLSession (2.5.0):
    - AFNetworking/Reachability
    - AFNetworking/Security
    - AFNetworking/Serialization
  - AFNetworking/Reachability (2.5.0)
  - AFNetworking/Security (2.5.0)
  - AFNetworking/Serialization (2.5.0)
  - AFNetworking/UIKit (2.5.0):
    - AFNetworking/NSURLConnection
    - AFNetworking/NSURLSession
  - HYVConfiguratorAFNetworking-Mantle (0.1.0)
  - Mantle (1.5.4):
    - Mantle/extobjc (= 1.5.4)
  - Mantle/extobjc (1.5.4)

DEPENDENCIES:
  - AFNetworking (~> 2.5.0)
  - HYVConfiguratorAFNetworking-Mantle (from `../`)
  - Mantle (~> 1.5.3)

EXTERNAL SOURCES:
  HYVConfiguratorAFNetworking-Mantle:
    :path: ../

SPEC CHECKSUMS:
  AFNetworking: 0f54cb5d16ce38c1b76948faffb8d5fb705021c7
  HYVConfiguratorAFNetworking-Mantle: 541768d0c2d35d2a03efbfbd4dbdbaedc1a0c69f
  Mantle: d5fbaf30fbc58031223af13812c060e15934a1fe

COCOAPODS: 0.36.0.beta.1
